# This file is automatically @generated by Cargo.
# It is not intended for manual editing.
version = 4

[[package]]
name = "aead"
version = "0.6.0-rc.0"
source = "registry+https://github.com/rust-lang/crates.io-index"
checksum = "b5f451b77e2f92932dc411da6ef9f3d33efad68a6f14a7a83e559453458e85ac"
dependencies = [
 "crypto-common",
]

[[package]]
name = "aes"
version = "0.9.0-pre.2"
source = "registry+https://github.com/rust-lang/crates.io-index"
checksum = "e7856582c758ade85d71daf27ec6bcea6c1c73913692b07b8dffea2dc03531c9"
dependencies = [
 "cfg-if",
 "cipher",
 "cpufeatures",
 "zeroize",
]

[[package]]
name = "ascii"
version = "1.1.0"
source = "registry+https://github.com/rust-lang/crates.io-index"
checksum = "d92bec98840b8f03a5ff5413de5293bfcd8bf96467cf5452609f939ec6f5de16"

[[package]]
name = "async-signature"
version = "0.6.0-pre.4"
source = "registry+https://github.com/rust-lang/crates.io-index"
checksum = "f9bdb5df8dde2bd1ec515a0981636508bb37d55984d0bae3678d4ac859125431"
dependencies = [
 "signature",
]

[[package]]
name = "autocfg"
version = "1.3.0"
source = "registry+https://github.com/rust-lang/crates.io-index"
checksum = "0c4b4d0bd25bd0b74681c0ad21497610ce1b7c91b1022cd21c80c6fbdd9476b0"

[[package]]
name = "base16ct"
version = "0.2.0"
source = "registry+https://github.com/rust-lang/crates.io-index"
checksum = "4c7f02d4ea65f2c1853089ffd8d2787bdbc63de2f0d29dedbcf8ccdfa0ccd4cf"

[[package]]
name = "base64ct"
version = "1.6.0"
source = "registry+https://github.com/rust-lang/crates.io-index"
checksum = "8c3c1a368f70d6cf7302d78f8f7093da241fb8e8807c05cc9e51a125895a6d5b"

[[package]]
name = "bitflags"
version = "2.6.0"
source = "registry+https://github.com/rust-lang/crates.io-index"
checksum = "b048fb63fd8b5923fc5aa7b340d8e156aec7ec02f0c78fa8a6ddc2613f6f71de"

[[package]]
name = "block-buffer"
version = "0.11.0-rc.3"
source = "registry+https://github.com/rust-lang/crates.io-index"
checksum = "3fd016a0ddc7cb13661bf5576073ce07330a693f8608a1320b4e20561cc12cdc"
dependencies = [
 "hybrid-array",
]

[[package]]
name = "block-padding"
version = "0.4.0-rc.2"
source = "registry+https://github.com/rust-lang/crates.io-index"
checksum = "6868e23cd7a5b2e18fb2e9a583910b88b8d645dd21017aafc5d0439cf16ae6d6"
dependencies = [
 "hybrid-array",
]

[[package]]
name = "byteorder"
version = "1.5.0"
source = "registry+https://github.com/rust-lang/crates.io-index"
checksum = "1fd0f2584146f6f2ef48085050886acf353beff7305ebd1ae69500e27c67f64b"

[[package]]
name = "cbc"
version = "0.2.0-pre.2"
source = "registry+https://github.com/rust-lang/crates.io-index"
checksum = "e0729a0a8422deb6056b8fcd89c42b724fe27e69458fa006f00c63cbffffd91b"
dependencies = [
 "cipher",
]

[[package]]
name = "cc"
version = "1.0.101"
source = "registry+https://github.com/rust-lang/crates.io-index"
checksum = "ac367972e516d45567c7eafc73d24e1c193dcf200a8d94e9db7b3d38b349572d"

[[package]]
name = "ccm"
version = "0.5.0"
source = "git+https://github.com/RustCrypto/AEADs.git#8cda109f1128c4c7953a0bb0f53e1056d537e462"
dependencies = [
 "aead",
 "cipher",
 "ctr",
 "subtle",
]

[[package]]
name = "cfg-if"
version = "1.0.0"
source = "registry+https://github.com/rust-lang/crates.io-index"
checksum = "baf1de4339761588bc0619e3cbc0120ee582ebb74b53b4efbf79117bd2da40fd"

[[package]]
name = "chunked_transfer"
version = "1.5.0"
source = "registry+https://github.com/rust-lang/crates.io-index"
checksum = "6e4de3bc4ea267985becf712dc6d9eed8b04c953b3fcfb339ebc87acd9804901"

[[package]]
name = "cipher"
version = "0.5.0-pre.7"
source = "registry+https://github.com/rust-lang/crates.io-index"
checksum = "5b1425e6ce000f05a73096556cabcfb6a10a3ffe3bb4d75416ca8f00819c0b6a"
dependencies = [
 "crypto-common",
 "inout",
]

[[package]]
name = "cmac"
version = "0.8.0-pre.2"
source = "registry+https://github.com/rust-lang/crates.io-index"
checksum = "02a53c8815f718726c448e4e83b86806245fb37bfaa82ad50893d9f01ad3a503"
dependencies = [
 "cipher",
 "dbl",
 "digest",
]

[[package]]
name = "const-oid"
version = "0.10.0-rc.3"
source = "registry+https://github.com/rust-lang/crates.io-index"
checksum = "68ff6be19477a1bd5441f382916a89bc2a0b2c35db6d41e0f6e8538bf6d6463f"

[[package]]
name = "cpufeatures"
version = "0.2.12"
source = "registry+https://github.com/rust-lang/crates.io-index"
checksum = "53fe5e26ff1b7aef8bca9c6080520cfb8d9333c7568e1829cef191a9723e5504"
dependencies = [
 "libc",
]

[[package]]
name = "crypto-bigint"
version = "0.6.0"
source = "registry+https://github.com/rust-lang/crates.io-index"
checksum = "4919aa33c410cb537c1b2a8458a896f9e47ed4349a2002e5b240f358f7bf6ffc"
dependencies = [
 "hybrid-array",
 "num-traits",
 "rand_core",
 "subtle",
 "zeroize",
]

[[package]]
name = "crypto-common"
version = "0.2.0-rc.1"
source = "registry+https://github.com/rust-lang/crates.io-index"
checksum = "b0b8ce8218c97789f16356e7896b3714f26c2ee1079b79c0b7ae7064bb9089fa"
dependencies = [
 "getrandom",
 "hybrid-array",
 "rand_core",
]

[[package]]
name = "ctr"
version = "0.10.0-pre.2"
source = "registry+https://github.com/rust-lang/crates.io-index"
checksum = "77e1482d284b80d7fddb211666d513dc5e23b0cc3a03ad398ff70543827c789f"
dependencies = [
 "cipher",
]

[[package]]
name = "curve25519-dalek"
version = "4.1.3"
source = "git+https://github.com/dalek-cryptography/curve25519-dalek.git?branch=rustcrypto-new-releases#e7d61b5621b80fc6adcfa56f03eee383d7b06e41"
dependencies = [
 "cfg-if",
 "cpufeatures",
 "curve25519-dalek-derive",
 "digest",
 "fiat-crypto",
 "rustc_version",
 "subtle",
 "zeroize",
]

[[package]]
name = "curve25519-dalek-derive"
version = "0.1.1"
source = "git+https://github.com/dalek-cryptography/curve25519-dalek.git?branch=rustcrypto-new-releases#e7d61b5621b80fc6adcfa56f03eee383d7b06e41"
dependencies = [
 "proc-macro2",
 "quote",
 "syn",
]

[[package]]
name = "dbl"
version = "0.4.0-rc.1"
source = "registry+https://github.com/rust-lang/crates.io-index"
checksum = "b317b5dd7fb52c79e017554049304992f65260689c5ddb55438ad52ba007f98d"
dependencies = [
 "hybrid-array",
]

[[package]]
name = "der"
version = "0.8.0-rc.1"
source = "registry+https://github.com/rust-lang/crates.io-index"
checksum = "82db698b33305f0134faf590b9d1259dc171b5481ac41d5c8146c3b3ee7d4319"
dependencies = [
 "const-oid",
 "der_derive",
 "flagset",
 "pem-rfc7468",
 "zeroize",
]

[[package]]
name = "der_derive"
version = "0.8.0-rc.1"
source = "registry+https://github.com/rust-lang/crates.io-index"
checksum = "211bea8bb45f5f61bc857104606913ef8ac8b5ec698143aa2aa96a7ffdc94991"
dependencies = [
 "proc-macro2",
 "quote",
 "syn",
]

[[package]]
name = "deranged"
version = "0.3.11"
source = "registry+https://github.com/rust-lang/crates.io-index"
checksum = "b42b6fa04a440b495c8b04d0e71b707c585f83cb9cb28cf8cd0d976c315e31b4"
dependencies = [
 "powerfmt",
 "serde",
]

[[package]]
name = "digest"
version = "0.11.0-pre.9"
source = "registry+https://github.com/rust-lang/crates.io-index"
checksum = "cf2e3d6615d99707295a9673e889bf363a04b2a466bd320c65a72536f7577379"
dependencies = [
 "block-buffer",
 "const-oid",
 "crypto-common",
 "subtle",
]

[[package]]
name = "ecdsa"
version = "0.17.0-pre.9"
source = "registry+https://github.com/rust-lang/crates.io-index"
checksum = "7e62f2041a28c40b8884b79fbd19bc7457d76c6397767831e9ff4029fc0473a9"
dependencies = [
 "der",
 "digest",
 "elliptic-curve",
 "rfc6979",
 "signature",
 "spki",
]

[[package]]
name = "ed25519"
version = "2.3.0-pre.0"
source = "registry+https://github.com/rust-lang/crates.io-index"
checksum = "62bcc0730fbd27c8619332efad3dfa1de229dc5859a31495ab674e0ac0f9996b"
dependencies = [
 "pkcs8",
 "signature",
]

[[package]]
name = "ed25519-dalek"
version = "2.2.0-pre"
source = "git+https://github.com/dalek-cryptography/curve25519-dalek.git?branch=rustcrypto-new-releases#e7d61b5621b80fc6adcfa56f03eee383d7b06e41"
dependencies = [
 "curve25519-dalek",
 "ed25519",
 "rand_core",
 "serde",
 "sha2",
 "subtle",
 "zeroize",
]

[[package]]
name = "elliptic-curve"
version = "0.14.0-rc.1"
source = "registry+https://github.com/rust-lang/crates.io-index"
checksum = "cc43715037532dc2d061e5c97e81b684c28993d52a4fa4eb7d2ce2826d78f2f2"
dependencies = [
 "base16ct",
 "crypto-bigint",
 "digest",
 "ff",
 "group",
 "hkdf",
 "hybrid-array",
 "pem-rfc7468",
 "pkcs8",
 "rand_core",
 "sec1",
 "subtle",
 "zeroize",
]

[[package]]
name = "ff"
version = "0.13.0"
source = "registry+https://github.com/rust-lang/crates.io-index"
checksum = "ded41244b729663b1e574f1b4fb731469f69f79c17667b5d776b16cda0479449"
dependencies = [
 "rand_core",
 "subtle",
]

[[package]]
name = "fiat-crypto"
version = "0.2.9"
source = "registry+https://github.com/rust-lang/crates.io-index"
checksum = "28dea519a9695b9977216879a3ebfddf92f1c08c05d984f8996aecd6ecdc811d"

[[package]]
name = "flagset"
version = "0.4.6"
source = "registry+https://github.com/rust-lang/crates.io-index"
checksum = "b3ea1ec5f8307826a5b71094dd91fc04d4ae75d5709b20ad351c7fb4815c86ec"

[[package]]
name = "getrandom"
version = "0.2.15"
source = "registry+https://github.com/rust-lang/crates.io-index"
checksum = "c4567c8db10ae91089c99af84c68c38da3ec2f087c3f82960bcdbf3656b6f4d7"
dependencies = [
 "cfg-if",
 "libc",
 "wasi",
]

[[package]]
name = "group"
version = "0.13.0"
source = "registry+https://github.com/rust-lang/crates.io-index"
checksum = "f0f9ef7462f7c099f518d754361858f86d8a07af53ba9af0fe635bbccb151a63"
dependencies = [
 "ff",
 "rand_core",
 "subtle",
]

[[package]]
name = "hex-literal"
version = "0.4.1"
source = "registry+https://github.com/rust-lang/crates.io-index"
checksum = "6fe2267d4ed49bc07b63801559be28c718ea06c4738b7a03c94df7386d2cde46"

[[package]]
name = "hkdf"
version = "0.13.0-pre.4"
source = "registry+https://github.com/rust-lang/crates.io-index"
checksum = "00176ff81091018d42ff82e8324f8e5adb0b7e0468d1358f653972562dbff031"
dependencies = [
 "hmac",
]

[[package]]
name = "hmac"
version = "0.13.0-pre.4"
source = "registry+https://github.com/rust-lang/crates.io-index"
checksum = "e4b1fb14e4df79f9406b434b60acef9f45c26c50062cccf1346c6103b8c47d58"
dependencies = [
 "digest",
]

[[package]]
name = "httpdate"
version = "1.0.3"
source = "registry+https://github.com/rust-lang/crates.io-index"
checksum = "df3b46402a9d5adb4c86a0cf463f42e19994e3ee891101b1841f30a545cb49a9"

[[package]]
name = "hybrid-array"
version = "0.2.3"
source = "registry+https://github.com/rust-lang/crates.io-index"
checksum = "f2d35805454dc9f8662a98d6d61886ffe26bd465f5960e0e55345c70d5c0d2a9"
dependencies = [
 "typenum",
 "zeroize",
]

[[package]]
name = "inout"
version = "0.2.0-rc.3"
source = "registry+https://github.com/rust-lang/crates.io-index"
checksum = "de49db00f5add6dad75a57946b75de0f26287a6fc95f4f277d48419200422beb"
dependencies = [
 "block-padding",
 "hybrid-array",
]

[[package]]
name = "itoa"
version = "1.0.11"
source = "registry+https://github.com/rust-lang/crates.io-index"
checksum = "49f1f14873335454500d59611f1cf4a4b0f786f9ac11f4312a78e4cf2566695b"

[[package]]
name = "k256"
version = "0.14.0-pre.2"
source = "git+https://github.com/RustCrypto/elliptic-curves.git#6033a21ca2ab24b21e59ea094c8683d555a4917b"
dependencies = [
 "cfg-if",
 "ecdsa",
 "elliptic-curve",
 "once_cell",
 "sha2",
 "signature",
]

[[package]]
name = "lazy_static"
version = "1.5.0"
source = "registry+https://github.com/rust-lang/crates.io-index"
checksum = "bbd2bcb4c963f2ddae06a2efc7e9f3591312473c50c6685e1f298068316e66fe"
dependencies = [
 "spin",
]

[[package]]
name = "libc"
version = "0.2.155"
source = "registry+https://github.com/rust-lang/crates.io-index"
checksum = "97b3888a4aecf77e811145cadf6eef5901f4782c53886191b2f693f24761847c"

[[package]]
name = "libm"
version = "0.2.8"
source = "registry+https://github.com/rust-lang/crates.io-index"
checksum = "4ec2a862134d2a7d32d7983ddcdd1c4923530833c9f2ea1a44fc5fa473989058"

[[package]]
name = "libusb1-sys"
version = "0.7.0"
source = "registry+https://github.com/rust-lang/crates.io-index"
checksum = "da050ade7ac4ff1ba5379af847a10a10a8e284181e060105bf8d86960ce9ce0f"
dependencies = [
 "cc",
 "libc",
 "pkg-config",
 "vcpkg",
]

[[package]]
name = "log"
version = "0.4.22"
source = "registry+https://github.com/rust-lang/crates.io-index"
checksum = "a7a70ba024b9dc04c27ea2f0c0548feb474ec5c54bba33a7f72f873a39d07b24"

[[package]]
name = "num-bigint-dig"
version = "0.8.4"
source = "registry+https://github.com/rust-lang/crates.io-index"
checksum = "dc84195820f291c7697304f3cbdadd1cb7199c0efc917ff5eafd71225c136151"
dependencies = [
 "byteorder",
 "lazy_static",
 "libm",
 "num-integer",
 "num-iter",
 "num-traits",
 "rand",
 "smallvec",
 "zeroize",
]

[[package]]
name = "num-conv"
version = "0.1.0"
source = "registry+https://github.com/rust-lang/crates.io-index"
checksum = "51d515d32fb182ee37cda2ccdcb92950d6a3c2893aa280e540671c2cd0f3b1d9"

[[package]]
name = "num-integer"
version = "0.1.46"
source = "registry+https://github.com/rust-lang/crates.io-index"
checksum = "7969661fd2958a5cb096e56c8e1ad0444ac2bbcd0061bd28660485a44879858f"
dependencies = [
 "num-traits",
]

[[package]]
name = "num-iter"
version = "0.1.45"
source = "registry+https://github.com/rust-lang/crates.io-index"
checksum = "1429034a0490724d0075ebb2bc9e875d6503c3cf69e235a8941aa757d83ef5bf"
dependencies = [
 "autocfg",
 "num-integer",
 "num-traits",
]

[[package]]
name = "num-traits"
version = "0.2.19"
source = "registry+https://github.com/rust-lang/crates.io-index"
checksum = "071dfc062690e90b734c0b2273ce72ad0ffa95f0c74596bc250dcfd960262841"
dependencies = [
 "autocfg",
 "libm",
]

[[package]]
name = "once_cell"
version = "1.20.3"
source = "registry+https://github.com/rust-lang/crates.io-index"
checksum = "945462a4b81e43c4e3ba96bd7b49d834c6f61198356aa858733bc4acf3cbe62e"

[[package]]
name = "p256"
version = "0.14.0-pre.2"
source = "registry+https://github.com/rust-lang/crates.io-index"
checksum = "71f3fd64a9cad9c26ed7f734b152196d5e56376b9957c832bcca0de48a708080"
dependencies = [
 "ecdsa",
 "elliptic-curve",
 "primeorder",
 "sha2",
]

[[package]]
name = "p384"
version = "0.14.0-pre.2"
source = "registry+https://github.com/rust-lang/crates.io-index"
checksum = "1e19554fe6ee269c860a0f231cbba714e5cbef26a927c75d8e30ac9040a4b32e"
dependencies = [
 "ecdsa",
 "elliptic-curve",
 "primeorder",
 "sha2",
]

[[package]]
name = "p521"
version = "0.14.0-pre.2"
source = "registry+https://github.com/rust-lang/crates.io-index"
checksum = "957df9b5e6a7542f6430ec5187a4cb66d8498946c38b23fd14562bce6e32e6de"
dependencies = [
 "base16ct",
 "ecdsa",
 "elliptic-curve",
 "primefield",
 "primeorder",
 "rand_core",
 "sha2",
]

[[package]]
name = "pbkdf2"
version = "0.13.0-pre.1"
source = "registry+https://github.com/rust-lang/crates.io-index"
checksum = "85e11753d5193f26dc27ae698e0b536b5e511b7799c5ac475ec10783f26d164a"
dependencies = [
 "digest",
 "hmac",
]

[[package]]
name = "pem-rfc7468"
version = "1.0.0-rc.2"
source = "registry+https://github.com/rust-lang/crates.io-index"
checksum = "c2dfbfa5c6f0906884269722c5478e72fd4d6c0e24fe600332c6d62359567ce1"
dependencies = [
 "base64ct",
]

[[package]]
name = "pkcs1"
version = "0.8.0-rc.1"
source = "registry+https://github.com/rust-lang/crates.io-index"
checksum = "226eb25e2c46c166ce498ac0f606ac623142d640064879ff445938accddff1e2"
dependencies = [
 "der",
 "pkcs8",
 "spki",
]

[[package]]
name = "pkcs8"
version = "0.11.0-rc.1"
source = "registry+https://github.com/rust-lang/crates.io-index"
checksum = "eacd2c7141f32aef1cfd1ad0defb5287a3d94592d7ab57c1ae20e3f9f1f0db1f"
dependencies = [
 "der",
 "spki",
]

[[package]]
name = "pkg-config"
version = "0.3.30"
source = "registry+https://github.com/rust-lang/crates.io-index"
checksum = "d231b230927b5e4ad203db57bbcbee2802f6bce620b1e4a9024a07d94e2907ec"

[[package]]
name = "powerfmt"
version = "0.2.0"
source = "registry+https://github.com/rust-lang/crates.io-index"
checksum = "439ee305def115ba05938db6eb1644ff94165c5ab5e9420d1c1bcedbba909391"

[[package]]
name = "ppv-lite86"
version = "0.2.17"
source = "registry+https://github.com/rust-lang/crates.io-index"
checksum = "5b40af805b3121feab8a3c29f04d8ad262fa8e0561883e7653e024ae4479e6de"

[[package]]
name = "primefield"
version = "0.14.0-pre.0"
source = "registry+https://github.com/rust-lang/crates.io-index"
checksum = "d3f2ce0fa9cccdaf216230d151ce51a15298aef50ad76081a830128ecbc6428a"

[[package]]
name = "primeorder"
version = "0.14.0-pre.2"
source = "registry+https://github.com/rust-lang/crates.io-index"
checksum = "b794117b388378d55629f78f61e64e182baa200bf59c1a8205e0c46508ce5873"
dependencies = [
 "elliptic-curve",
]

[[package]]
name = "proc-macro2"
version = "1.0.86"
source = "registry+https://github.com/rust-lang/crates.io-index"
checksum = "5e719e8df665df0d1c8fbfd238015744736151d4445ec0836b8e628aae103b77"
dependencies = [
 "unicode-ident",
]

[[package]]
name = "quote"
version = "1.0.36"
source = "registry+https://github.com/rust-lang/crates.io-index"
checksum = "0fa76aaf39101c457836aec0ce2316dbdc3ab723cdda1c6bd4e6ad4208acaca7"
dependencies = [
 "proc-macro2",
]

[[package]]
name = "rand"
version = "0.8.5"
source = "registry+https://github.com/rust-lang/crates.io-index"
checksum = "34af8d1a0e25924bc5b7c43c079c942339d8f0a8b57c39049bef581b46327404"
dependencies = [
 "rand_chacha",
 "rand_core",
]

[[package]]
name = "rand_chacha"
version = "0.3.1"
source = "registry+https://github.com/rust-lang/crates.io-index"
checksum = "e6c10a63a0fa32252be49d21e7709d4d4baf8d231c2dbce1eaa8141b9b127d88"
dependencies = [
 "ppv-lite86",
 "rand_core",
]

[[package]]
name = "rand_core"
version = "0.6.4"
source = "registry+https://github.com/rust-lang/crates.io-index"
checksum = "ec0be4795e2f6a28069bec0b5ff3e2ac9bafc99e6a9a7dc3547996c5c816922c"
dependencies = [
 "getrandom",
]

[[package]]
name = "rfc6979"
version = "0.5.0-pre.4"
source = "registry+https://github.com/rust-lang/crates.io-index"
checksum = "871ee76a3eee98b0f805e5d1caf26929f4565073c580c053a55f886fc15dea49"
dependencies = [
 "hmac",
 "subtle",
]

[[package]]
name = "rsa"
version = "0.10.0-pre.3"
source = "registry+https://github.com/rust-lang/crates.io-index"
checksum = "07058e83b684989ab0559f9e22322f4e3f7e49147834ed0bae40486b9e70473c"
dependencies = [
 "const-oid",
 "digest",
 "num-bigint-dig",
 "num-integer",
 "num-traits",
 "pkcs1",
 "pkcs8",
 "rand_core",
 "sha1",
 "sha2",
 "signature",
 "spki",
 "subtle",
 "zeroize",
]

[[package]]
name = "rusb"
version = "0.9.4"
source = "registry+https://github.com/rust-lang/crates.io-index"
checksum = "ab9f9ff05b63a786553a4c02943b74b34a988448671001e9a27e2f0565cc05a4"
dependencies = [
 "libc",
 "libusb1-sys",
]

[[package]]
name = "rustc_version"
version = "0.4.0"
source = "registry+https://github.com/rust-lang/crates.io-index"
checksum = "bfa0f585226d2e68097d4f95d113b15b83a82e819ab25717ec0590d9584ef366"
dependencies = [
 "semver",
]

[[package]]
name = "ryu"
version = "1.0.18"
source = "registry+https://github.com/rust-lang/crates.io-index"
checksum = "f3cb5ba0dc43242ce17de99c180e96db90b235b8a9fdc9543c96d2209116bd9f"

[[package]]
name = "sec1"
version = "0.8.0-rc.3"
source = "registry+https://github.com/rust-lang/crates.io-index"
checksum = "d1988446eff153796413a73669dfaa4caa3f5ce8b25fac89e3821a39c611772e"
dependencies = [
 "base16ct",
 "der",
 "hybrid-array",
 "pkcs8",
 "subtle",
 "zeroize",
]

[[package]]
name = "semver"
version = "1.0.23"
source = "registry+https://github.com/rust-lang/crates.io-index"
checksum = "61697e0a1c7e512e84a621326239844a24d8207b4669b41bc18b32ea5cbf988b"

[[package]]
name = "serde"
version = "1.0.203"
source = "registry+https://github.com/rust-lang/crates.io-index"
checksum = "7253ab4de971e72fb7be983802300c30b5a7f0c2e56fab8abfc6a214307c0094"
dependencies = [
 "serde_derive",
]

[[package]]
name = "serde_derive"
version = "1.0.203"
source = "registry+https://github.com/rust-lang/crates.io-index"
checksum = "500cbc0ebeb6f46627f50f3f5811ccf6bf00643be300b4c3eabc0ef55dc5b5ba"
dependencies = [
 "proc-macro2",
 "quote",
 "syn",
]

[[package]]
name = "serde_json"
version = "1.0.118"
source = "registry+https://github.com/rust-lang/crates.io-index"
checksum = "d947f6b3163d8857ea16c4fa0dd4840d52f3041039a85decd46867eb1abef2e4"
dependencies = [
 "itoa",
 "ryu",
 "serde",
]

[[package]]
name = "sha1"
version = "0.11.0-pre.4"
source = "registry+https://github.com/rust-lang/crates.io-index"
checksum = "9540978cef7a8498211c1b1c14e5ce920fe5bd524ea84f4a3d72d4602515ae93"
dependencies = [
 "cfg-if",
 "cpufeatures",
 "digest",
]

[[package]]
name = "sha2"
version = "0.11.0-pre.4"
source = "registry+https://github.com/rust-lang/crates.io-index"
checksum = "540c0893cce56cdbcfebcec191ec8e0f470dd1889b6e7a0b503e310a94a168f5"
dependencies = [
 "cfg-if",
 "cpufeatures",
 "digest",
]

[[package]]
name = "signature"
version = "2.3.0-pre.4"
source = "registry+https://github.com/rust-lang/crates.io-index"
checksum = "054d71959c7051b9042c26af337f05cc930575ed2604d7d3ced3158383e59734"
dependencies = [
 "digest",
 "rand_core",
 "signature_derive",
]

[[package]]
name = "signature_derive"
version = "2.1.0"
source = "registry+https://github.com/rust-lang/crates.io-index"
checksum = "ab0381d1913eeaf4c7bc4094016c9a8de6c1120663afe32a90ff268ad7f80486"
dependencies = [
 "proc-macro2",
 "quote",
 "syn",
]

[[package]]
name = "smallvec"
version = "1.13.2"
source = "registry+https://github.com/rust-lang/crates.io-index"
checksum = "3c5e1a9a646d36c3599cd173a41282daf47c44583ad367b8e6837255952e5c67"

[[package]]
name = "spin"
version = "0.9.8"
source = "registry+https://github.com/rust-lang/crates.io-index"
checksum = "6980e8d7511241f8acf4aebddbb1ff938df5eebe98691418c4468d0b72a96a67"

[[package]]
name = "spki"
version = "0.8.0-rc.0"
source = "registry+https://github.com/rust-lang/crates.io-index"
checksum = "ee3fb1c675852398475928637b3ebbdd7e1d0cc24d27b3bbc81788b4eb51e310"
dependencies = [
 "base64ct",
 "der",
]

[[package]]
name = "subtle"
version = "2.6.1"
source = "registry+https://github.com/rust-lang/crates.io-index"
checksum = "13c2bddecc57b384dee18652358fb23172facb8a2c51ccc10d74c157bdea3292"

[[package]]
name = "syn"
version = "2.0.68"
source = "registry+https://github.com/rust-lang/crates.io-index"
checksum = "901fa70d88b9d6c98022e23b4136f9f3e54e4662c3bc1bd1d84a42a9a0f0c1e9"
dependencies = [
 "proc-macro2",
 "quote",
 "unicode-ident",
]

[[package]]
name = "thiserror"
version = "1.0.61"
source = "registry+https://github.com/rust-lang/crates.io-index"
checksum = "c546c80d6be4bc6a00c0f01730c08df82eaa7a7a61f11d656526506112cc1709"
dependencies = [
 "thiserror-impl",
]

[[package]]
name = "thiserror-impl"
version = "1.0.61"
source = "registry+https://github.com/rust-lang/crates.io-index"
checksum = "46c3384250002a6d5af4d114f2845d37b57521033f30d5c3f46c4d70e1197533"
dependencies = [
 "proc-macro2",
 "quote",
 "syn",
]

[[package]]
name = "time"
version = "0.3.36"
source = "registry+https://github.com/rust-lang/crates.io-index"
checksum = "5dfd88e563464686c916c7e46e623e520ddc6d79fa6641390f2e3fa86e83e885"
dependencies = [
 "deranged",
 "num-conv",
 "powerfmt",
 "serde",
 "time-core",
 "time-macros",
]

[[package]]
name = "time-core"
version = "0.1.2"
source = "registry+https://github.com/rust-lang/crates.io-index"
checksum = "ef927ca75afb808a4d64dd374f00a2adf8d0fcff8e7b184af886c3c87ec4a3f3"

[[package]]
name = "time-macros"
version = "0.2.18"
source = "registry+https://github.com/rust-lang/crates.io-index"
checksum = "3f252a68540fde3a3877aeea552b832b40ab9a69e318efd078774a01ddee1ccf"
dependencies = [
 "num-conv",
 "time-core",
]

[[package]]
name = "tiny_http"
version = "0.12.0"
source = "registry+https://github.com/rust-lang/crates.io-index"
checksum = "389915df6413a2e74fb181895f933386023c71110878cd0825588928e64cdc82"
dependencies = [
 "ascii",
 "chunked_transfer",
 "httpdate",
 "log",
]

[[package]]
name = "tls_codec"
version = "0.4.1"
source = "registry+https://github.com/rust-lang/crates.io-index"
checksum = "b5e78c9c330f8c85b2bae7c8368f2739157db9991235123aa1b15ef9502bfb6a"
dependencies = [
 "tls_codec_derive",
 "zeroize",
]

[[package]]
name = "tls_codec_derive"
version = "0.4.1"
source = "registry+https://github.com/rust-lang/crates.io-index"
checksum = "8d9ef545650e79f30233c0003bcc2504d7efac6dad25fca40744de773fe2049c"
dependencies = [
 "proc-macro2",
 "quote",
 "syn",
]

[[package]]
name = "typenum"
version = "1.17.0"
source = "registry+https://github.com/rust-lang/crates.io-index"
checksum = "42ff0bf0c66b8238c6f3b578df37d0b7848e55df8577b3f74f92a69acceeb825"

[[package]]
name = "unicode-ident"
version = "1.0.12"
source = "registry+https://github.com/rust-lang/crates.io-index"
checksum = "3354b9ac3fae1ff6755cb6db53683adb661634f67557942dea4facebec0fee4b"

[[package]]
name = "uuid"
version = "1.16.0"
source = "registry+https://github.com/rust-lang/crates.io-index"
checksum = "458f7a779bf54acc9f347480ac654f68407d3aab21269a6e3c9f922acd9e2da9"
dependencies = [
 "serde",
]

[[package]]
name = "vcpkg"
version = "0.2.15"
source = "registry+https://github.com/rust-lang/crates.io-index"
checksum = "accd4ea62f7bb7a82fe23066fb0957d48ef677f6eeb8215f372f52e48bb32426"

[[package]]
name = "wasi"
version = "0.11.0+wasi-snapshot-preview1"
source = "registry+https://github.com/rust-lang/crates.io-index"
checksum = "9c8d87e72b64a3b4db28d11ce29237c246188f4f51057d65a7eab63b7987e423"

[[package]]
name = "x509-cert"
version = "0.3.0-pre.0"
source = "registry+https://github.com/rust-lang/crates.io-index"
checksum = "2db382aa43c1fb5c419a960f72c3847ab0f383f635fc2e25f0bd6c5fb94371d1"
dependencies = [
 "async-signature",
 "const-oid",
 "der",
 "sha1",
 "signature",
 "spki",
 "tls_codec",
]

[[package]]
name = "yubihsm"
version = "0.43.0-pre"
dependencies = [
 "aes",
 "bitflags",
 "cbc",
 "ccm",
 "cmac",
 "digest",
 "ecdsa",
 "ed25519",
 "ed25519-dalek",
 "hex-literal",
 "hmac",
 "k256",
 "log",
 "num-traits",
 "once_cell",
 "p256",
 "p384",
 "p521",
 "pbkdf2",
 "rand_core",
 "rsa",
 "rusb",
 "serde",
 "serde_json",
 "sha1",
 "sha2",
 "signature",
 "spki",
 "subtle",
 "thiserror",
 "time",
 "tiny_http",
 "uuid",
 "x509-cert",
 "zeroize",
]

[[package]]
name = "zeroize"
version = "1.8.1"
source = "registry+https://github.com/rust-lang/crates.io-index"
checksum = "ced3678a2879b30306d323f4542626697a464a97c0a07c9aebf7ebca65cd4dde"
dependencies = [
 "zeroize_derive",
]

[[package]]
name = "zeroize_derive"
version = "1.4.2"
source = "registry+https://github.com/rust-lang/crates.io-index"
checksum = "ce36e65b0d2999d2aafac989fb249189a141aee1f53c612c1f37d72631959f69"
dependencies = [
 "proc-macro2",
 "quote",
 "syn",
]
